
Microsoft Visual Studio Solution File, Format Version 12.00
# Visual Studio Version 16
VisualStudioVersion = 16.0.31019.35
MinimumVisualStudioVersion = 10.0.40219.1
Project("{FAE04EC0-301F-11D3-BF4B-00C04F79EFBC}") = "SGBD_Lab01", "SGBD_Lab01\SGBD_Lab01.csproj", "{8E08617D-905C-427A-8FB4-FC5F01BA19CA}"
EndProject
Global
	GlobalSection(SolutionConfigurationPlatforms) = preSolution
		Debug|Any CPU = Debug|Any CPU
		Release|Any CPU = Release|Any CPU
	EndGlobalSection
	GlobalSection(ProjectConfigurationPlatforms) = postSolution
		{8E08617D-905C-427A-8FB4-FC5F01BA19CA}.Debug|Any CPU.ActiveCfg = Debug|Any CPU
		{8E08617D-905C-427A-8FB4-FC5F01BA19CA}.Debug|Any CPU.Build.0 = Debug|Any CPU
		{8E08617D-905C-427A-8FB4-FC5F01BA19CA}.Release|Any CPU.ActiveCfg = Release|Any CPU
		{8E08617D-905C-427A-8FB4-FC5F01BA19CA}.Release|Any CPU.Build.0 = Release|Any CPU
	EndGlobalSection
	GlobalSection(SolutionProperties) = preSolution
		HideSolutionNode = FALSE
	EndGlobalSection
	GlobalSection(ExtensibilityGlobals) = postSolution
		SolutionGuid = {D9F08213-3EC7-473E-A481-566E8B3D8476}
	EndGlobalSection
EndGlobal
